# THIS IS AN AUTOGENERATED FILE. DO NOT EDIT THIS FILE DIRECTLY.
# yarn lockfile v1


fs@^0.0.1-security:
  version "0.0.1-security"
  resolved "https://registry.yarnpkg.com/fs/-/fs-0.0.1-security.tgz#8a7bd37186b6dddf3813f23858b57ecaaf5e41d4"
  integrity sha1-invTcYa23d84E/I4WLV+yq9eQdQ=

monaco-editor@^0.25.2:
  version "0.25.2"
  resolved "https://registry.yarnpkg.com/monaco-editor/-/monaco-editor-0.25.2.tgz#119e2b15bbd968a1a99c03cac9c329316d7c37e9"
  integrity sha512-5iylzSJevCnzJn9UVsW8yOZ3yHjmAs4TfvH3zsbftKiFKmHG0xirGN6DK9Kk04VSWxYCZZAIafYJoNJJMAU1KA==
